
Microsoft Visual Studio Solution File, Format Version 12.00
# Visual Studio Version 17
VisualStudioVersion = 17.8.34511.84
MinimumVisualStudioVersion = 10.0.40219.1
Project("{FAE04EC0-301F-11D3-BF4B-00C04F79EFBC}") = "UserScriptTemplate", "UserScriptTemplate\UserScriptTemplate.csproj", "{C6F1B595-2CE6-4498-9DF2-6FE8C3DAA687}"
EndProject
Project("{FAE04EC0-301F-11D3-BF4B-00C04F79EFBC}") = "EnvironmentVariables", "EnvironmentVariables\EnvironmentVariables.csproj", "{DE47E223-690B-4114-BB96-4BF0111942ED}"
EndProject
Project("{FAE04EC0-301F-11D3-BF4B-00C04F79EFBC}") = "Logging", "Logging\Logging.csproj", "{2FE40BDD-FAAA-476A-B8B5-8DA569FCEB1B}"
EndProject
Project("{FAE04EC0-301F-11D3-BF4B-00C04F79EFBC}") = "CommandInterface", "CommandInterface\CommandInterface.csproj", "{D9423093-1113-4485-BB94-9F52A8063A1F}"
EndProject
Global
	GlobalSection(SolutionConfigurationPlatforms) = preSolution
		Debug|x64 = Debug|x64
	EndGlobalSection
	GlobalSection(ProjectConfigurationPlatforms) = postSolution
		{C6F1B595-2CE6-4498-9DF2-6FE8C3DAA687}.Debug|x64.ActiveCfg = Debug|x64
		{C6F1B595-2CE6-4498-9DF2-6FE8C3DAA687}.Debug|x64.Build.0 = Debug|x64
		{DE47E223-690B-4114-BB96-4BF0111942ED}.Debug|x64.ActiveCfg = Debug|x64
		{DE47E223-690B-4114-BB96-4BF0111942ED}.Debug|x64.Build.0 = Debug|x64
		{2FE40BDD-FAAA-476A-B8B5-8DA569FCEB1B}.Debug|x64.ActiveCfg = Debug|x64
		{2FE40BDD-FAAA-476A-B8B5-8DA569FCEB1B}.Debug|x64.Build.0 = Debug|x64
		{D9423093-1113-4485-BB94-9F52A8063A1F}.Debug|x64.ActiveCfg = Debug|x64
		{D9423093-1113-4485-BB94-9F52A8063A1F}.Debug|x64.Build.0 = Debug|x64
	EndGlobalSection
	GlobalSection(SolutionProperties) = preSolution
		HideSolutionNode = FALSE
	EndGlobalSection
	GlobalSection(ExtensibilityGlobals) = postSolution
		SolutionGuid = {55B3FBAA-B0BD-4891-BF83-CD1735BD087B}
	EndGlobalSection
EndGlobal
